
Microsoft Visual Studio Solution File, Format Version 12.00
# Visual Studio 14
VisualStudioVersion = 14.0.25420.1
MinimumVisualStudioVersion = 10.0.40219.1
Project("{FAE04EC0-301F-11D3-BF4B-00C04F79EFBC}") = "MindBox", "MindBox\MindBox.csproj", "{54D3235B-FA92-4935-BDCA-5D0394CECC08}"
EndProject
Project("{FAE04EC0-301F-11D3-BF4B-00C04F79EFBC}") = "TestMindBox", "TestMindBox\TestMindBox.csproj", "{86E0A419-34B7-426B-B5FB-0C1B15F96608}"
EndProject
Global
	GlobalSection(SolutionConfigurationPlatforms) = preSolution
		Debug|Any CPU = Debug|Any CPU
		Release|Any CPU = Release|Any CPU
	EndGlobalSection
	GlobalSection(ProjectConfigurationPlatforms) = postSolution
		{54D3235B-FA92-4935-BDCA-5D0394CECC08}.Debug|Any CPU.ActiveCfg = Debug|Any CPU
		{54D3235B-FA92-4935-BDCA-5D0394CECC08}.Debug|Any CPU.Build.0 = Debug|Any CPU
		{54D3235B-FA92-4935-BDCA-5D0394CECC08}.Release|Any CPU.ActiveCfg = Release|Any CPU
		{54D3235B-FA92-4935-BDCA-5D0394CECC08}.Release|Any CPU.Build.0 = Release|Any CPU
		{86E0A419-34B7-426B-B5FB-0C1B15F96608}.Debug|Any CPU.ActiveCfg = Debug|Any CPU
		{86E0A419-34B7-426B-B5FB-0C1B15F96608}.Debug|Any CPU.Build.0 = Debug|Any CPU
		{86E0A419-34B7-426B-B5FB-0C1B15F96608}.Release|Any CPU.ActiveCfg = Release|Any CPU
		{86E0A419-34B7-426B-B5FB-0C1B15F96608}.Release|Any CPU.Build.0 = Release|Any CPU
	EndGlobalSection
	GlobalSection(SolutionProperties) = preSolution
		HideSolutionNode = FALSE
	EndGlobalSection
EndGlobal
